
Microsoft Visual Studio Solution File, Format Version 12.00
# Visual Studio 15
VisualStudioVersion = 15.0.27703.2000
MinimumVisualStudioVersion = 10.0.40219.1
Project("{9A19103F-16F7-4668-BE54-9A1E7A4F7556}") = "FirstEFCoreApp", "FirstEFCoreApp\FirstEFCoreApp.csproj", "{7D23EF00-93CF-4E3E-A3AF-3C5FBF77BEC6}"
EndProject
Project("{FAE04EC0-301F-11D3-BF4B-00C04F79EFBC}") = "AdvanceEFandUsingRealtionship", "AdvanceEFandUsingRealtionship\AdvanceEFandUsingRealtionship.csproj", "{2C580404-D46F-4304-B10A-E65FC8B5D08E}"
EndProject
Global
	GlobalSection(SolutionConfigurationPlatforms) = preSolution
		Debug|Any CPU = Debug|Any CPU
		Release|Any CPU = Release|Any CPU
	EndGlobalSection
	GlobalSection(ProjectConfigurationPlatforms) = postSolution
		{7D23EF00-93CF-4E3E-A3AF-3C5FBF77BEC6}.Debug|Any CPU.ActiveCfg = Debug|Any CPU
		{7D23EF00-93CF-4E3E-A3AF-3C5FBF77BEC6}.Debug|Any CPU.Build.0 = Debug|Any CPU
		{7D23EF00-93CF-4E3E-A3AF-3C5FBF77BEC6}.Release|Any CPU.ActiveCfg = Release|Any CPU
		{7D23EF00-93CF-4E3E-A3AF-3C5FBF77BEC6}.Release|Any CPU.Build.0 = Release|Any CPU
		{2C580404-D46F-4304-B10A-E65FC8B5D08E}.Debug|Any CPU.ActiveCfg = Debug|Any CPU
		{2C580404-D46F-4304-B10A-E65FC8B5D08E}.Debug|Any CPU.Build.0 = Debug|Any CPU
		{2C580404-D46F-4304-B10A-E65FC8B5D08E}.Release|Any CPU.ActiveCfg = Release|Any CPU
		{2C580404-D46F-4304-B10A-E65FC8B5D08E}.Release|Any CPU.Build.0 = Release|Any CPU
	EndGlobalSection
	GlobalSection(SolutionProperties) = preSolution
		HideSolutionNode = FALSE
	EndGlobalSection
	GlobalSection(ExtensibilityGlobals) = postSolution
		SolutionGuid = {90872B20-9C07-4BA4-ABBB-51722D24920C}
	EndGlobalSection
EndGlobal
